
Microsoft Visual Studio Solution File, Format Version 12.00
# Visual Studio Version 17
VisualStudioVersion = 17.0.31903.59
MinimumVisualStudioVersion = 10.0.40219.1
Project("{FAE04EC0-301F-11D3-BF4B-00C04F79EFBC}") = "Assembly-CSharp", "client\Assembly-CSharp.csproj", "{569A85A2-4AAB-F951-60BB-1B6FC96E8C70}"
EndProject
Project("{FAE04EC0-301F-11D3-BF4B-00C04F79EFBC}") = "StdbModule", "server\StdbModule.csproj", "{7CCA6848-011D-4C4C-AF61-45B5CF22C3B4}"
EndProject
Global
	GlobalSection(SolutionConfigurationPlatforms) = preSolution
		Debug|Any CPU = Debug|Any CPU
		Release|Any CPU = Release|Any CPU
	EndGlobalSection
	GlobalSection(SolutionProperties) = preSolution
		HideSolutionNode = FALSE
	EndGlobalSection
	GlobalSection(ProjectConfigurationPlatforms) = postSolution
		{569A85A2-4AAB-F951-60BB-1B6FC96E8C70}.Debug|Any CPU.ActiveCfg = Debug|Any CPU
		{569A85A2-4AAB-F951-60BB-1B6FC96E8C70}.Debug|Any CPU.Build.0 = Debug|Any CPU
		{569A85A2-4AAB-F951-60BB-1B6FC96E8C70}.Release|Any CPU.ActiveCfg = Release|Any CPU
		{569A85A2-4AAB-F951-60BB-1B6FC96E8C70}.Release|Any CPU.Build.0 = Release|Any CPU
		{7CCA6848-011D-4C4C-AF61-45B5CF22C3B4}.Debug|Any CPU.ActiveCfg = Debug|Any CPU
		{7CCA6848-011D-4C4C-AF61-45B5CF22C3B4}.Debug|Any CPU.Build.0 = Debug|Any CPU
		{7CCA6848-011D-4C4C-AF61-45B5CF22C3B4}.Release|Any CPU.ActiveCfg = Release|Any CPU
		{7CCA6848-011D-4C4C-AF61-45B5CF22C3B4}.Release|Any CPU.Build.0 = Release|Any CPU
	EndGlobalSection
EndGlobal
